# THIS IS AN AUTOGENERATED FILE. DO NOT EDIT THIS FILE DIRECTLY.
# yarn lockfile v1


"@effector/next@^0.3.0":
  version "0.3.0"
  resolved "https://registry.yarnpkg.com/@effector/next/-/next-0.3.0.tgz#e26434969c6d5826fd8aa55f74de990646df71e8"
  integrity sha512-e3WuX96SvH9AoGhN1PDraXiaFXnow/ZiNlTtOiLzMcY3TXhhBYXgDZOnS5n2BtUtz4GvC3/mTaYrmtxXUUtnFQ==

effector-react@^22.5.1:
  version "22.5.1"
  resolved "https://registry.yarnpkg.com/effector-react/-/effector-react-22.5.1.tgz#09e7ef9a9328edf1ff4f4fcd50b0f4ff98980a52"
  integrity sha512-Sy5b/sUEZoCuyoCr+SiHcgd0L+PQqnIGx+SuPCZ7MhECYxezkkeecsk0EVj9sykLL2qlEeg+rdiWvIATJgOTeA==
  dependencies:
    use-sync-external-store "^1.0.0"

effector@^22.8.1:
  version "22.8.1"
  resolved "https://registry.yarnpkg.com/effector/-/effector-22.8.1.tgz#a1bac860262e8d4301d9462d5000973810319def"
  integrity sha512-368ysZBxxqr0ThVYElhmo8p8rT2wTZ0hF/BIg1FxNPSIdr/wvw4Hbnioy22CbgtU5d53CnadkJnSlKqfOICOwg==

use-sync-external-store@^1.0.0:
  version "1.2.0"
  resolved "https://registry.yarnpkg.com/use-sync-external-store/-/use-sync-external-store-1.2.0.tgz#7dbefd6ef3fe4e767a0cf5d7287aacfb5846928a"
  integrity sha512-eEgnFxGQ1Ife9bzYs6VLi8/4X6CObHMw9Qr9tPY43iKwsPw8xE8+EFsf/2cFZ5S3esXgpWgtSCtLNS41F+sKPA==
